// !$*UTF8*$!
{
	archiveVersion = 1;
	classes = {
	};
	objectVersion = 50;
	objects = {

/* Begin PBXBuildFile section */
		56F3DE1C27564E3D00822EF8 /* wtch WatchKit App.app in Embed Watch Content */ = {isa = PBXBuildFile; fileRef = 56F3DE1B27564E3D00822EF8 /* wtch WatchKit App.app */; settings = {ATTRIBUTES = (RemoveHeadersOnCopy, ); }; };
		56F3DE2227564E3D00822EF8 /* Interface.storyboard in Resources */ = {isa = PBXBuildFile; fileRef = 56F3DE2027564E3D00822EF8 /* Interface.storyboard */; };
		56F3DE2427564E3E00822EF8 /* Assets.xcassets in Resources */ = {isa = PBXBuildFile; fileRef = 56F3DE2327564E3E00822EF8 /* Assets.xcassets */; };
		56F3DE2B27564E3E00822EF8 /* wtch WatchKit Extension.appex in Embed App Extensions */ = {isa = PBXBuildFile; fileRef = 56F3DE2A27564E3E00822EF8 /* wtch WatchKit Extension.appex */; settings = {ATTRIBUTES = (RemoveHeadersOnCopy, ); }; };
		56F3DE3027564E3E00822EF8 /* InterfaceController.swift in Sources */ = {isa = PBXBuildFile; fileRef = 56F3DE2F27564E3E00822EF8 /* InterfaceController.swift */; };
		56F3DE3227564E3E00822EF8 /* ExtensionDelegate.swift in Sources */ = {isa = PBXBuildFile; fileRef = 56F3DE3127564E3E00822EF8 /* ExtensionDelegate.swift */; };
		56F3DE3427564E3E00822EF8 /* NotificationController.swift in Sources */ = {isa = PBXBuildFile; fileRef = 56F3DE3327564E3E00822EF8 /* NotificationController.swift */; };
		56F3DE3627564E3E00822EF8 /* ComplicationController.swift in Sources */ = {isa = PBXBuildFile; fileRef = 56F3DE3527564E3E00822EF8 /* ComplicationController.swift */; };
		56F3DE3827564E3F00822EF8 /* Assets.xcassets in Resources */ = {isa = PBXBuildFile; fileRef = 56F3DE3727564E3F00822EF8 /* Assets.xcassets */; };
/* End PBXBuildFile section */

/* Begin PBXContainerItemProxy section */
		56F3DE1D27564E3D00822EF8 /* PBXContainerItemProxy */ = {
			isa = PBXContainerItemProxy;
			containerPortal = 56F3DE1127564E3C00822EF8 /* Project object */;
			proxyType = 1;
			remoteGlobalIDString = 56F3DE1A27564E3D00822EF8;
			remoteInfo = "wtch WatchKit App";
		};
		56F3DE2C27564E3E00822EF8 /* PBXContainerItemProxy */ = {
			isa = PBXContainerItemProxy;
			containerPortal = 56F3DE1127564E3C00822EF8 /* Project object */;
			proxyType = 1;
			remoteGlobalIDString = 56F3DE2927564E3E00822EF8;
			remoteInfo = "wtch WatchKit Extension";
		};
/* End PBXContainerItemProxy section */

/* Begin PBXCopyFilesBuildPhase section */
		56F3DE4027564E3F00822EF8 /* Embed App Extensions */ = {
			isa = PBXCopyFilesBuildPhase;
			buildActionMask = 2147483647;
			dstPath = "";
			dstSubfolderSpec = 13;
			files = (
				56F3DE2B27564E3E00822EF8 /* wtch WatchKit Extension.appex in Embed App Extensions */,
			);
			name = "Embed App Extensions";
			runOnlyForDeploymentPostprocessing = 0;
		};
		56F3DE4427564E3F00822EF8 /* Embed Watch Content */ = {
			isa = PBXCopyFilesBuildPhase;
			buildActionMask = 2147483647;
			dstPath = "$(CONTENTS_FOLDER_PATH)/Watch";
			dstSubfolderSpec = 16;
			files = (
				56F3DE1C27564E3D00822EF8 /* wtch WatchKit App.app in Embed Watch Content */,
			);
			name = "Embed Watch Content";
			runOnlyForDeploymentPostprocessing = 0;
		};
/* End PBXCopyFilesBuildPhase section */

/* Begin PBXFileReference section */
		56F3DE1727564E3D00822EF8 /* wtch.app */ = {isa = PBXFileReference; explicitFileType = wrapper.application; includeInIndex = 0; path = wtch.app; sourceTree = BUILT_PRODUCTS_DIR; };
		56F3DE1B27564E3D00822EF8 /* wtch WatchKit App.app */ = {isa = PBXFileReference; explicitFileType = wrapper.application; includeInIndex = 0; path = "wtch WatchKit App.app"; sourceTree = BUILT_PRODUCTS_DIR; };
		56F3DE2127564E3D00822EF8 /* Base */ = {isa = PBXFileReference; lastKnownFileType = file.storyboard; name = Base; path = Base.lproj/Interface.storyboard; sourceTree = "<group>"; };
		56F3DE2327564E3E00822EF8 /* Assets.xcassets */ = {isa = PBXFileReference; lastKnownFileType = folder.assetcatalog; path = Assets.xcassets; sourceTree = "<group>"; };
		56F3DE2527564E3E00822EF8 /* Info.plist */ = {isa = PBXFileReference; lastKnownFileType = text.plist.xml; path = Info.plist; sourceTree = "<group>"; };
		56F3DE2A27564E3E00822EF8 /* wtch WatchKit Extension.appex */ = {isa = PBXFileReference; explicitFileType = "wrapper.app-extension"; includeInIndex = 0; path = "wtch WatchKit Extension.appex"; sourceTree = BUILT_PRODUCTS_DIR; };
		56F3DE2F27564E3E00822EF8 /* InterfaceController.swift */ = {isa = PBXFileReference; lastKnownFileType = sourcecode.swift; path = InterfaceController.swift; sourceTree = "<group>"; };
		56F3DE3127564E3E00822EF8 /* ExtensionDelegate.swift */ = {isa = PBXFileReference; lastKnownFileType = sourcecode.swift; path = ExtensionDelegate.swift; sourceTree = "<group>"; };
		56F3DE3327564E3E00822EF8 /* NotificationController.swift */ = {isa = PBXFileReference; lastKnownFileType = sourcecode.swift; path = NotificationController.swift; sourceTree = "<group>"; };
		56F3DE3527564E3E00822EF8 /* ComplicationController.swift */ = {isa = PBXFileReference; lastKnownFileType = sourcecode.swift; path = ComplicationController.swift; sourceTree = "<group>"; };
		56F3DE3727564E3F00822EF8 /* Assets.xcassets */ = {isa = PBXFileReference; lastKnownFileType = folder.assetcatalog; path = Assets.xcassets; sourceTree = "<group>"; };
		56F3DE3927564E3F00822EF8 /* Info.plist */ = {isa = PBXFileReference; lastKnownFileType = text.plist.xml; path = Info.plist; sourceTree = "<group>"; };
		56F3DE3A27564E3F00822EF8 /* PushNotificationPayload.apns */ = {isa = PBXFileReference; lastKnownFileType = text; path = PushNotificationPayload.apns; sourceTree = "<group>"; };
/* End PBXFileReference section */

/* Begin PBXFrameworksBuildPhase section */
		56F3DE2727564E3E00822EF8 /* Frameworks */ = {
			isa = PBXFrameworksBuildPhase;
			buildActionMask = 2147483647;
			files = (
			);
			runOnlyForDeploymentPostprocessing = 0;
		};
/* End PBXFrameworksBuildPhase section */

/* Begin PBXGroup section */
		56F3DE1027564E3C00822EF8 = {
			isa = PBXGroup;
			children = (
				56F3DE1F27564E3D00822EF8 /* wtch WatchKit App */,
				56F3DE2E27564E3E00822EF8 /* wtch WatchKit Extension */,
				56F3DE1827564E3D00822EF8 /* Products */,
			);
			sourceTree = "<group>";
		};
		56F3DE1827564E3D00822EF8 /* Products */ = {
			isa = PBXGroup;
			children = (
				56F3DE1727564E3D00822EF8 /* wtch.app */,
				56F3DE1B27564E3D00822EF8 /* wtch WatchKit App.app */,
				56F3DE2A27564E3E00822EF8 /* wtch WatchKit Extension.appex */,
			);
			name = Products;
			sourceTree = "<group>";
		};
		56F3DE1F27564E3D00822EF8 /* wtch WatchKit App */ = {
			isa = PBXGroup;
			children = (
				56F3DE2027564E3D00822EF8 /* Interface.storyboard */,
				56F3DE2327564E3E00822EF8 /* Assets.xcassets */,
				56F3DE2527564E3E00822EF8 /* Info.plist */,
			);
			path = "wtch WatchKit App";
			sourceTree = "<group>";
		};
		56F3DE2E27564E3E00822EF8 /* wtch WatchKit Extension */ = {
			isa = PBXGroup;
			children = (
				56F3DE2F27564E3E00822EF8 /* InterfaceController.swift */,
				56F3DE3127564E3E00822EF8 /* ExtensionDelegate.swift */,
				56F3DE3327564E3E00822EF8 /* NotificationController.swift */,
				56F3DE3527564E3E00822EF8 /* ComplicationController.swift */,
				56F3DE3727564E3F00822EF8 /* Assets.xcassets */,
				56F3DE3927564E3F00822EF8 /* Info.plist */,
				56F3DE3A27564E3F00822EF8 /* PushNotificationPayload.apns */,
			);
			path = "wtch WatchKit Extension";
			sourceTree = "<group>";
		};
/* End PBXGroup section */

/* Begin PBXNativeTarget section */
		56F3DE1627564E3D00822EF8 /* wtch */ = {
			isa = PBXNativeTarget;
			buildConfigurationList = 56F3DE4527564E3F00822EF8 /* Build configuration list for PBXNativeTarget "wtch" */;
			buildPhases = (
				56F3DE1527564E3D00822EF8 /* Resources */,
				56F3DE4427564E3F00822EF8 /* Embed Watch Content */,
			);
			buildRules = (
			);
			dependencies = (
				56F3DE1E27564E3D00822EF8 /* PBXTargetDependency */,
			);
			name = wtch;
			productName = wtch;
			productReference = 56F3DE1727564E3D00822EF8 /* wtch.app */;
			productType = "com.apple.product-type.application.watchapp2-container";
		};
		56F3DE1A27564E3D00822EF8 /* wtch WatchKit App */ = {
			isa = PBXNativeTarget;
			buildConfigurationList = 56F3DE4127564E3F00822EF8 /* Build configuration list for PBXNativeTarget "wtch WatchKit App" */;
			buildPhases = (
				56F3DE1927564E3D00822EF8 /* Resources */,
				56F3DE4027564E3F00822EF8 /* Embed App Extensions */,
			);
			buildRules = (
			);
			dependencies = (
				56F3DE2D27564E3E00822EF8 /* PBXTargetDependency */,
			);
			name = "wtch WatchKit App";
			productName = "wtch WatchKit App";
			productReference = 56F3DE1B27564E3D00822EF8 /* wtch WatchKit App.app */;
			productType = "com.apple.product-type.application.watchapp2";
		};
		56F3DE2927564E3E00822EF8 /* wtch WatchKit Extension */ = {
			isa = PBXNativeTarget;
			buildConfigurationList = 56F3DE3D27564E3F00822EF8 /* Build configuration list for PBXNativeTarget "wtch WatchKit Extension" */;
			buildPhases = (
				56F3DE2627564E3E00822EF8 /* Sources */,
				56F3DE2727564E3E00822EF8 /* Frameworks */,
				56F3DE2827564E3E00822EF8 /* Resources */,
			);
			buildRules = (
			);
			dependencies = (
			);
			name = "wtch WatchKit Extension";
			productName = "wtch WatchKit Extension";
			productReference = 56F3DE2A27564E3E00822EF8 /* wtch WatchKit Extension.appex */;
			productType = "com.apple.product-type.watchkit2-extension";
		};
/* End PBXNativeTarget section */

/* Begin PBXProject section */
		56F3DE1127564E3C00822EF8 /* Project object */ = {
			isa = PBXProject;
			attributes = {
				LastSwiftUpdateCheck = 1240;
				LastUpgradeCheck = 1240;
				TargetAttributes = {
					56F3DE1627564E3D00822EF8 = {
						CreatedOnToolsVersion = 12.4;
					};
					56F3DE1A27564E3D00822EF8 = {
						CreatedOnToolsVersion = 12.4;
					};
					56F3DE2927564E3E00822EF8 = {
						CreatedOnToolsVersion = 12.4;
					};
				};
			};
			buildConfigurationList = 56F3DE1427564E3C00822EF8 /* Build configuration list for PBXProject "wtch" */;
			compatibilityVersion = "Xcode 9.3";
			developmentRegion = en;
			hasScannedForEncodings = 0;
			knownRegions = (
				en,
				Base,
			);
			mainGroup = 56F3DE1027564E3C00822EF8;
			productRefGroup = 56F3DE1827564E3D00822EF8 /* Products */;
			projectDirPath = "";
			projectRoot = "";
			targets = (
				56F3DE1627564E3D00822EF8 /* wtch */,
				56F3DE1A27564E3D00822EF8 /* wtch WatchKit App */,
				56F3DE2927564E3E00822EF8 /* wtch WatchKit Extension */,
			);
		};
/* End PBXProject section */

/* Begin PBXResourcesBuildPhase section */
		56F3DE1527564E3D00822EF8 /* Resources */ = {
			isa = PBXResourcesBuildPhase;
			buildActionMask = 2147483647;
			files = (
			);
			runOnlyForDeploymentPostprocessing = 0;
		};
		56F3DE1927564E3D00822EF8 /* Resources */ = {
			isa = PBXResourcesBuildPhase;
			buildActionMask = 2147483647;
			files = (
				56F3DE2427564E3E00822EF8 /* Assets.xcassets in Resources */,
				56F3DE2227564E3D00822EF8 /* Interface.storyboard in Resources */,
			);
			runOnlyForDeploymentPostprocessing = 0;
		};
		56F3DE2827564E3E00822EF8 /* Resources */ = {
			isa = PBXResourcesBuildPhase;
			buildActionMask = 2147483647;
			files = (
				56F3DE3827564E3F00822EF8 /* Assets.xcassets in Resources */,
			);
			runOnlyForDeploymentPostprocessing = 0;
		};
/* End PBXResourcesBuildPhase section */

/* Begin PBXSourcesBuildPhase section */
		56F3DE2627564E3E00822EF8 /* Sources */ = {
			isa = PBXSourcesBuildPhase;
			buildActionMask = 2147483647;
			files = (
				56F3DE3427564E3E00822EF8 /* NotificationController.swift in Sources */,
				56F3DE3627564E3E00822EF8 /* ComplicationController.swift in Sources */,
				56F3DE3227564E3E00822EF8 /* ExtensionDelegate.swift in Sources */,
				56F3DE3027564E3E00822EF8 /* InterfaceController.swift in Sources */,
			);
			runOnlyForDeploymentPostprocessing = 0;
		};
/* End PBXSourcesBuildPhase section */

/* Begin PBXTargetDependency section */
		56F3DE1E27564E3D00822EF8 /* PBXTargetDependency */ = {
			isa = PBXTargetDependency;
			target = 56F3DE1A27564E3D00822EF8 /* wtch WatchKit App */;
			targetProxy = 56F3DE1D27564E3D00822EF8 /* PBXContainerItemProxy */;
		};
		56F3DE2D27564E3E00822EF8 /* PBXTargetDependency */ = {
			isa = PBXTargetDependency;
			target = 56F3DE2927564E3E00822EF8 /* wtch WatchKit Extension */;
			targetProxy = 56F3DE2C27564E3E00822EF8 /* PBXContainerItemProxy */;
		};
/* End PBXTargetDependency section */

/* Begin PBXVariantGroup section */
		56F3DE2027564E3D00822EF8 /* Interface.storyboard */ = {
			isa = PBXVariantGroup;
			children = (
				56F3DE2127564E3D00822EF8 /* Base */,
			);
			name = Interface.storyboard;
			sourceTree = "<group>";
		};
/* End PBXVariantGroup section */

/* Begin XCBuildConfiguration section */
		56F3DE3B27564E3F00822EF8 /* Debug */ = {
			isa = XCBuildConfiguration;
			buildSettings = {
				ALWAYS_SEARCH_USER_PATHS = NO;
				CLANG_ANALYZER_NONNULL = YES;
				CLANG_ANALYZER_NUMBER_OBJECT_CONVERSION = YES_AGGRESSIVE;
				CLANG_CXX_LANGUAGE_STANDARD = "gnu++14";
				CLANG_CXX_LIBRARY = "libc++";
				CLANG_ENABLE_MODULES = YES;
				CLANG_ENABLE_OBJC_ARC = YES;
				CLANG_ENABLE_OBJC_WEAK = YES;
				CLANG_WARN_BLOCK_CAPTURE_AUTORELEASING = YES;
				CLANG_WARN_BOOL_CONVERSION = YES;
				CLANG_WARN_COMMA = YES;
				CLANG_WARN_CONSTANT_CONVERSION = YES;
				CLANG_WARN_DEPRECATED_OBJC_IMPLEMENTATIONS = YES;
				CLANG_WARN_DIRECT_OBJC_ISA_USAGE = YES_ERROR;
				CLANG_WARN_DOCUMENTATION_COMMENTS = YES;
				CLANG_WARN_EMPTY_BODY = YES;
				CLANG_WARN_ENUM_CONVERSION = YES;
				CLANG_WARN_INFINITE_RECURSION = YES;
				CLANG_WARN_INT_CONVERSION = YES;
				CLANG_WARN_NON_LITERAL_NULL_CONVERSION = YES;
				CLANG_WARN_OBJC_IMPLICIT_RETAIN_SELF = YES;
				CLANG_WARN_OBJC_LITERAL_CONVERSION = YES;
				CLANG_WARN_OBJC_ROOT_CLASS = YES_ERROR;
				CLANG_WARN_QUOTED_INCLUDE_IN_FRAMEWORK_HEADER = YES;
				CLANG_WARN_RANGE_LOOP_ANALYSIS = YES;
				CLANG_WARN_STRICT_PROTOTYPES = YES;
				CLANG_WARN_SUSPICIOUS_MOVE = YES;
				CLANG_WARN_UNGUARDED_AVAILABILITY = YES_AGGRESSIVE;
				CLANG_WARN_UNREACHABLE_CODE = YES;
				CLANG_WARN__DUPLICATE_METHOD_MATCH = YES;
				COPY_PHASE_STRIP = NO;
				DEBUG_INFORMATION_FORMAT = dwarf;
				ENABLE_STRICT_OBJC_MSGSEND = YES;
				ENABLE_TESTABILITY = YES;
				GCC_C_LANGUAGE_STANDARD = gnu11;
				GCC_DYNAMIC_NO_PIC = NO;
				GCC_NO_COMMON_BLOCKS = YES;
				GCC_OPTIMIZATION_LEVEL = 0;
				GCC_PREPROCESSOR_DEFINITIONS = (
					"DEBUG=1",
					"$(inherited)",
				);
				GCC_WARN_64_TO_32_BIT_CONVERSION = YES;
				GCC_WARN_ABOUT_RETURN_TYPE = YES_ERROR;
				GCC_WARN_UNDECLARED_SELECTOR = YES;
				GCC_WARN_UNINITIALIZED_AUTOS = YES_AGGRESSIVE;
				GCC_WARN_UNUSED_FUNCTION = YES;
				GCC_WARN_UNUSED_VARIABLE = YES;
				MTL_ENABLE_DEBUG_INFO = INCLUDE_SOURCE;
				MTL_FAST_MATH = YES;
				ONLY_ACTIVE_ARCH = YES;
				SDKROOT = iphoneos;
				SWIFT_ACTIVE_COMPILATION_CONDITIONS = DEBUG;
				SWIFT_OPTIMIZATION_LEVEL = "-Onone";
			};
			name = Debug;
		};
		56F3DE3C27564E3F00822EF8 /* Release */ = {
			isa = XCBuildConfiguration;
			buildSettings = {
				ALWAYS_SEARCH_USER_PATHS = NO;
				CLANG_ANALYZER_NONNULL = YES;
				CLANG_ANALYZER_NUMBER_OBJECT_CONVERSION = YES_AGGRESSIVE;
				CLANG_CXX_LANGUAGE_STANDARD = "gnu++14";
				CLANG_CXX_LIBRARY = "libc++";
				CLANG_ENABLE_MODULES = YES;
				CLANG_ENABLE_OBJC_ARC = YES;
				CLANG_ENABLE_OBJC_WEAK = YES;
				CLANG_WARN_BLOCK_CAPTURE_AUTORELEASING = YES;
				CLANG_WARN_BOOL_CONVERSION = YES;
				CLANG_WARN_COMMA = YES;
				CLANG_WARN_CONSTANT_CONVERSION = YES;
				CLANG_WARN_DEPRECATED_OBJC_IMPLEMENTATIONS = YES;
				CLANG_WARN_DIRECT_OBJC_ISA_USAGE = YES_ERROR;
				CLANG_WARN_DOCUMENTATION_COMMENTS = YES;
				CLANG_WARN_EMPTY_BODY = YES;
				CLANG_WARN_ENUM_CONVERSION = YES;
				CLANG_WARN_INFINITE_RECURSION = YES;
				CLANG_WARN_INT_CONVERSION = YES;
				CLANG_WARN_NON_LITERAL_NULL_CONVERSION = YES;
				CLANG_WARN_OBJC_IMPLICIT_RETAIN_SELF = YES;
				CLANG_WARN_OBJC_LITERAL_CONVERSION = YES;
				CLANG_WARN_OBJC_ROOT_CLASS = YES_ERROR;
				CLANG_WARN_QUOTED_INCLUDE_IN_FRAMEWORK_HEADER = YES;
				CLANG_WARN_RANGE_LOOP_ANALYSIS = YES;
				CLANG_WARN_STRICT_PROTOTYPES = YES;
				CLANG_WARN_SUSPICIOUS_MOVE = YES;
				CLANG_WARN_UNGUARDED_AVAILABILITY = YES_AGGRESSIVE;
				CLANG_WARN_UNREACHABLE_CODE = YES;
				CLANG_WARN__DUPLICATE_METHOD_MATCH = YES;
				COPY_PHASE_STRIP = NO;
				DEBUG_INFORMATION_FORMAT = "dwarf-with-dsym";
				ENABLE_NS_ASSERTIONS = NO;
				ENABLE_STRICT_OBJC_MSGSEND = YES;
				GCC_C_LANGUAGE_STANDARD = gnu11;
				GCC_NO_COMMON_BLOCKS = YES;
				GCC_WARN_64_TO_32_BIT_CONVERSION = YES;
				GCC_WARN_ABOUT_RETURN_TYPE = YES_ERROR;
				GCC_WARN_UNDECLARED_SELECTOR = YES;
				GCC_WARN_UNINITIALIZED_AUTOS = YES_AGGRESSIVE;
				GCC_WARN_UNUSED_FUNCTION = YES;
				GCC_WARN_UNUSED_VARIABLE = YES;
				MTL_ENABLE_DEBUG_INFO = NO;
				MTL_FAST_MATH = YES;
				SDKROOT = iphoneos;
				SWIFT_COMPILATION_MODE = wholemodule;
				SWIFT_OPTIMIZATION_LEVEL = "-O";
				VALIDATE_PRODUCT = YES;
			};
			name = Release;
		};
		56F3DE3E27564E3F00822EF8 /* Debug */ = {
			isa = XCBuildConfiguration;
			buildSettings = {
				ASSETCATALOG_COMPILER_COMPLICATION_NAME = Complication;
				CODE_SIGN_STYLE = Automatic;
				INFOPLIST_FILE = "wtch WatchKit Extension/Info.plist";
				LD_RUNPATH_SEARCH_PATHS = (
					"$(inherited)",
					"@executable_path/Frameworks",
					"@executable_path/../../Frameworks",
				);
				PRODUCT_BUNDLE_IDENTIFIER = dt.wtch.watchkitapp.watchkitextension;
				PRODUCT_NAME = "${TARGET_NAME}";
				SDKROOT = watchos;
				SKIP_INSTALL = YES;
				SWIFT_VERSION = 5.0;
				TARGETED_DEVICE_FAMILY = 4;
				WATCHOS_DEPLOYMENT_TARGET = 7.2;
			};
			name = Debug;
		};
		56F3DE3F27564E3F00822EF8 /* Release */ = {
			isa = XCBuildConfiguration;
			buildSettings = {
				ASSETCATALOG_COMPILER_COMPLICATION_NAME = Complication;
				CODE_SIGN_STYLE = Automatic;
				INFOPLIST_FILE = "wtch WatchKit Extension/Info.plist";
				LD_RUNPATH_SEARCH_PATHS = (
					"$(inherited)",
					"@executable_path/Frameworks",
					"@executable_path/../../Frameworks",
				);
				PRODUCT_BUNDLE_IDENTIFIER = dt.wtch.watchkitapp.watchkitextension;
				PRODUCT_NAME = "${TARGET_NAME}";
				SDKROOT = watchos;
				SKIP_INSTALL = YES;
				SWIFT_VERSION = 5.0;
				TARGETED_DEVICE_FAMILY = 4;
				WATCHOS_DEPLOYMENT_TARGET = 7.2;
			};
			name = Release;
		};
		56F3DE4227564E3F00822EF8 /* Debug */ = {
			isa = XCBuildConfiguration;
			buildSettings = {
				ALWAYS_EMBED_SWIFT_STANDARD_LIBRARIES = YES;
				ASSETCATALOG_COMPILER_APPICON_NAME = AppIcon;
				ASSETCATALOG_COMPILER_GLOBAL_ACCENT_COLOR_NAME = AccentColor;
				CODE_SIGN_STYLE = Automatic;
				IBSC_MODULE = wtch_WatchKit_Extension;
				INFOPLIST_FILE = "wtch WatchKit App/Info.plist";
				PRODUCT_BUNDLE_IDENTIFIER = dt.wtch.watchkitapp;
				PRODUCT_NAME = "$(TARGET_NAME)";
				SDKROOT = watchos;
				SKIP_INSTALL = YES;
				SWIFT_VERSION = 5.0;
				TARGETED_DEVICE_FAMILY = 4;
				WATCHOS_DEPLOYMENT_TARGET = 7.2;
			};
			name = Debug;
		};
		56F3DE4327564E3F00822EF8 /* Release */ = {
			isa = XCBuildConfiguration;
			buildSettings = {
				ALWAYS_EMBED_SWIFT_STANDARD_LIBRARIES = YES;
				ASSETCATALOG_COMPILER_APPICON_NAME = AppIcon;
				ASSETCATALOG_COMPILER_GLOBAL_ACCENT_COLOR_NAME = AccentColor;
				CODE_SIGN_STYLE = Automatic;
				IBSC_MODULE = wtch_WatchKit_Extension;
				INFOPLIST_FILE = "wtch WatchKit App/Info.plist";
				PRODUCT_BUNDLE_IDENTIFIER = dt.wtch.watchkitapp;
				PRODUCT_NAME = "$(TARGET_NAME)";
				SDKROOT = watchos;
				SKIP_INSTALL = YES;
				SWIFT_VERSION = 5.0;
				TARGETED_DEVICE_FAMILY = 4;
				WATCHOS_DEPLOYMENT_TARGET = 7.2;
			};
			name = Release;
		};
		56F3DE4627564E3F00822EF8 /* Debug */ = {
			isa = XCBuildConfiguration;
			buildSettings = {
				CODE_SIGN_STYLE = Automatic;
				CURRENT_PROJECT_VERSION = 1;
				MARKETING_VERSION = 1.0;
				PRODUCT_BUNDLE_IDENTIFIER = dt.wtch;
				PRODUCT_NAME = "$(TARGET_NAME)";
				SWIFT_VERSION = 5.0;
			};
			name = Debug;
		};
		56F3DE4727564E3F00822EF8 /* Release */ = {
			isa = XCBuildConfiguration;
			buildSettings = {
				CODE_SIGN_STYLE = Automatic;
				CURRENT_PROJECT_VERSION = 1;
				MARKETING_VERSION = 1.0;
				PRODUCT_BUNDLE_IDENTIFIER = dt.wtch;
				PRODUCT_NAME = "$(TARGET_NAME)";
				SWIFT_VERSION = 5.0;
			};
			name = Release;
		};
/* End XCBuildConfiguration section */

/* Begin XCConfigurationList section */
		56F3DE1427564E3C00822EF8 /* Build configuration list for PBXProject "wtch" */ = {
			isa = XCConfigurationList;
			buildConfigurations = (
				56F3DE3B27564E3F00822EF8 /* Debug */,
				56F3DE3C27564E3F00822EF8 /* Release */,
			);
			defaultConfigurationIsVisible = 0;
			defaultConfigurationName = Release;
		};
		56F3DE3D27564E3F00822EF8 /* Build configuration list for PBXNativeTarget "wtch WatchKit Extension" */ = {
			isa = XCConfigurationList;
			buildConfigurations = (
				56F3DE3E27564E3F00822EF8 /* Debug */,
				56F3DE3F27564E3F00822EF8 /* Release */,
			);
			defaultConfigurationIsVisible = 0;
			defaultConfigurationName = Release;
		};
		56F3DE4127564E3F00822EF8 /* Build configuration list for PBXNativeTarget "wtch WatchKit App" */ = {
			isa = XCConfigurationList;
			buildConfigurations = (
				56F3DE4227564E3F00822EF8 /* Debug */,
				56F3DE4327564E3F00822EF8 /* Release */,
			);
			defaultConfigurationIsVisible = 0;
			defaultConfigurationName = Release;
		};
		56F3DE4527564E3F00822EF8 /* Build configuration list for PBXNativeTarget "wtch" */ = {
			isa = XCConfigurationList;
			buildConfigurations = (
				56F3DE4627564E3F00822EF8 /* Debug */,
				56F3DE4727564E3F00822EF8 /* Release */,
			);
			defaultConfigurationIsVisible = 0;
			defaultConfigurationName = Release;
		};
/* End XCConfigurationList section */
	};
	rootObject = 56F3DE1127564E3C00822EF8 /* Project object */;
}
